
Microsoft Visual Studio Solution File, Format Version 12.00
# Visual Studio 15
VisualStudioVersion = 15.0.27703.2018
MinimumVisualStudioVersion = 10.0.40219.1
Project("{FAE04EC0-301F-11D3-BF4B-00C04F79EFBC}") = "Scan2PayUtility", "Scan2PayUtility\Scan2PayUtility.csproj", "{200C3124-14F1-48AC-9F65-A4152DD12F08}"
EndProject
Project("{FAE04EC0-301F-11D3-BF4B-00C04F79EFBC}") = "Scan2PayUtilityTest", "Scan2PayUtilityTest\Scan2PayUtilityTest.csproj", "{86496F2B-8EAF-410D-8234-F340AFDEF839}"
EndProject
Global
	GlobalSection(SolutionConfigurationPlatforms) = preSolution
		Debug|Any CPU = Debug|Any CPU
		Release|Any CPU = Release|Any CPU
	EndGlobalSection
	GlobalSection(ProjectConfigurationPlatforms) = postSolution
		{200C3124-14F1-48AC-9F65-A4152DD12F08}.Debug|Any CPU.ActiveCfg = Debug|Any CPU
		{200C3124-14F1-48AC-9F65-A4152DD12F08}.Debug|Any CPU.Build.0 = Debug|Any CPU
		{200C3124-14F1-48AC-9F65-A4152DD12F08}.Release|Any CPU.ActiveCfg = Release|Any CPU
		{200C3124-14F1-48AC-9F65-A4152DD12F08}.Release|Any CPU.Build.0 = Release|Any CPU
		{86496F2B-8EAF-410D-8234-F340AFDEF839}.Debug|Any CPU.ActiveCfg = Debug|Any CPU
		{86496F2B-8EAF-410D-8234-F340AFDEF839}.Debug|Any CPU.Build.0 = Debug|Any CPU
		{86496F2B-8EAF-410D-8234-F340AFDEF839}.Release|Any CPU.ActiveCfg = Release|Any CPU
		{86496F2B-8EAF-410D-8234-F340AFDEF839}.Release|Any CPU.Build.0 = Release|Any CPU
	EndGlobalSection
	GlobalSection(SolutionProperties) = preSolution
		HideSolutionNode = FALSE
	EndGlobalSection
	GlobalSection(ExtensibilityGlobals) = postSolution
		SolutionGuid = {F9EB986F-7AF1-4155-A51B-F0EA9B8BB5FC}
	EndGlobalSection
EndGlobal
